// !$*UTF8*$!
{
	archiveVersion = 1;
	classes = {
	};
	objectVersion = 46;
	objects = {

/* Begin PBXBuildFile section */
		B9B2332325E5AFC47DDF7DF7 /* TodoAppTests.swift in Sources */ = {isa = PBXBuildFile; fileRef = B9B23908BA3949FDF50A90A3 /* TodoAppTests.swift */; };
		B9B233B32A5D65A0512800FE /* ContentViewModel.swift in Sources */ = {isa = PBXBuildFile; fileRef = B9B23798A3213581E1D4817B /* ContentViewModel.swift */; };
		B9B23570B30C4467E62DBE3E /* TodoAppUITestsLaunchTests.swift in Sources */ = {isa = PBXBuildFile; fileRef = B9B23F31738C299ABFFA0F08 /* TodoAppUITestsLaunchTests.swift */; };
		B9B235C6B98FDBC66ECAA837 /* TodoAppApp.swift in Sources */ = {isa = PBXBuildFile; fileRef = B9B23F05FEE441B6B7DE2446 /* TodoAppApp.swift */; };
		B9B235E7335FBAF96573B0D9 /* ContentView.swift in Sources */ = {isa = PBXBuildFile; fileRef = B9B235BF4C2C4630015E009C /* ContentView.swift */; };
		B9B2380E78EB495143C1707D /* TodoAppUITests.swift in Sources */ = {isa = PBXBuildFile; fileRef = B9B23FF0EA97C2F10616B486 /* TodoAppUITests.swift */; };
		B9B238EECAF2B5DB52A77EF8 /* Assets.xcassets in Resources */ = {isa = PBXBuildFile; fileRef = B9B23E36861D33511A26ACBE /* Assets.xcassets */; };
		B9B23A4DAE1F626FA55EF2AD /* Preview Assets.xcassets in Resources */ = {isa = PBXBuildFile; fileRef = B9B230287F61CB356A7CE46D /* Preview Assets.xcassets */; };
		B9B23F4F1727F852B6878DCC /* Todo.swift in Sources */ = {isa = PBXBuildFile; fileRef = B9B23D5690E61B866AB9FA26 /* Todo.swift */; };
		B9B23FC2A4F02907CC00E934 /* DataStore.swift in Sources */ = {isa = PBXBuildFile; fileRef = B9B23F902D40BD2E8229AC65 /* DataStore.swift */; };
/* End PBXBuildFile section */

/* Begin PBXContainerItemProxy section */
		B9B234A1F4D9DB7942FC3762 /* PBXContainerItemProxy */ = {
			isa = PBXContainerItemProxy;
			containerPortal = B9B23E3246D1084278C01199 /* Project object */;
			proxyType = 1;
			remoteGlobalIDString = B9B2310C8200D8DBA37D3CAB;
			remoteInfo = TodoApp;
		};
		B9B23C369FA5C0C2BF7D62C6 /* PBXContainerItemProxy */ = {
			isa = PBXContainerItemProxy;
			containerPortal = B9B23E3246D1084278C01199 /* Project object */;
			proxyType = 1;
			remoteGlobalIDString = B9B2310C8200D8DBA37D3CAB;
			remoteInfo = TodoApp;
		};
/* End PBXContainerItemProxy section */

/* Begin PBXFileReference section */
		B9B230287F61CB356A7CE46D /* Preview Assets.xcassets */ = {isa = PBXFileReference; lastKnownFileType = folder.assetcatalog; path = "Preview Assets.xcassets"; sourceTree = "<group>"; };
		B9B2308EC072E24D17DF22B5 /* TodoAppTests.xctest */ = {isa = PBXFileReference; explicitFileType = wrapper.cfbundle; includeInIndex = 0; path = TodoAppTests.xctest; sourceTree = BUILT_PRODUCTS_DIR; };
		B9B230C18846BAE670109EB7 /* TodoAppUITests.xctest */ = {isa = PBXFileReference; explicitFileType = wrapper.cfbundle; includeInIndex = 0; path = TodoAppUITests.xctest; sourceTree = BUILT_PRODUCTS_DIR; };
		B9B235BF4C2C4630015E009C /* ContentView.swift */ = {isa = PBXFileReference; lastKnownFileType = sourcecode.swift; path = ContentView.swift; sourceTree = "<group>"; };
		B9B23798A3213581E1D4817B /* ContentViewModel.swift */ = {isa = PBXFileReference; fileEncoding = 4; lastKnownFileType = sourcecode.swift; path = ContentViewModel.swift; sourceTree = "<group>"; };
		B9B23908BA3949FDF50A90A3 /* TodoAppTests.swift */ = {isa = PBXFileReference; lastKnownFileType = sourcecode.swift; path = TodoAppTests.swift; sourceTree = "<group>"; };
		B9B23D5690E61B866AB9FA26 /* Todo.swift */ = {isa = PBXFileReference; fileEncoding = 4; lastKnownFileType = sourcecode.swift; path = Todo.swift; sourceTree = "<group>"; };
		B9B23E36861D33511A26ACBE /* Assets.xcassets */ = {isa = PBXFileReference; lastKnownFileType = folder.assetcatalog; path = Assets.xcassets; sourceTree = "<group>"; };
		B9B23F05FEE441B6B7DE2446 /* TodoAppApp.swift */ = {isa = PBXFileReference; lastKnownFileType = sourcecode.swift; path = TodoAppApp.swift; sourceTree = "<group>"; };
		B9B23F31738C299ABFFA0F08 /* TodoAppUITestsLaunchTests.swift */ = {isa = PBXFileReference; lastKnownFileType = sourcecode.swift; path = TodoAppUITestsLaunchTests.swift; sourceTree = "<group>"; };
		B9B23F902D40BD2E8229AC65 /* DataStore.swift */ = {isa = PBXFileReference; fileEncoding = 4; lastKnownFileType = sourcecode.swift; path = DataStore.swift; sourceTree = "<group>"; };
		B9B23FE81FDFFC5A25D35255 /* TodoApp.app */ = {isa = PBXFileReference; explicitFileType = wrapper.application; includeInIndex = 0; path = TodoApp.app; sourceTree = BUILT_PRODUCTS_DIR; };
		B9B23FF0EA97C2F10616B486 /* TodoAppUITests.swift */ = {isa = PBXFileReference; lastKnownFileType = sourcecode.swift; path = TodoAppUITests.swift; sourceTree = "<group>"; };
/* End PBXFileReference section */

/* Begin PBXFrameworksBuildPhase section */
		B9B23152644BD3A9B4949511 /* Frameworks */ = {
			isa = PBXFrameworksBuildPhase;
			buildActionMask = 2147483647;
			files = (
			);
			runOnlyForDeploymentPostprocessing = 0;
		};
		B9B23C9F0C984CA3C07CCF56 /* Frameworks */ = {
			isa = PBXFrameworksBuildPhase;
			buildActionMask = 2147483647;
			files = (
			);
			runOnlyForDeploymentPostprocessing = 0;
		};
		B9B23EE6BEA67DB2B04A4B40 /* Frameworks */ = {
			isa = PBXFrameworksBuildPhase;
			buildActionMask = 2147483647;
			files = (
			);
			runOnlyForDeploymentPostprocessing = 0;
		};
/* End PBXFrameworksBuildPhase section */

/* Begin PBXGroup section */
		B9B234C52DC5AD6533A334A5 /* TodoAppUITests */ = {
			isa = PBXGroup;
			children = (
				B9B23FF0EA97C2F10616B486 /* TodoAppUITests.swift */,
				B9B23F31738C299ABFFA0F08 /* TodoAppUITestsLaunchTests.swift */,
			);
			path = TodoAppUITests;
			sourceTree = "<group>";
		};
		B9B238B5F95ABA8EB2F24F7E /* Preview Content */ = {
			isa = PBXGroup;
			children = (
				B9B230287F61CB356A7CE46D /* Preview Assets.xcassets */,
			);
			path = "Preview Content";
			sourceTree = "<group>";
		};
		B9B23B16D216863163B482DD /* TodoAppTests */ = {
			isa = PBXGroup;
			children = (
				B9B23908BA3949FDF50A90A3 /* TodoAppTests.swift */,
			);
			path = TodoAppTests;
			sourceTree = "<group>";
		};
		B9B23B505D0C95CA7421FF5F = {
			isa = PBXGroup;
			children = (
				B9B23DFA59BA50F3980485FD /* Products */,
				B9B23E416D661B133BA169F9 /* TodoApp */,
				B9B23B16D216863163B482DD /* TodoAppTests */,
				B9B234C52DC5AD6533A334A5 /* TodoAppUITests */,
			);
			sourceTree = "<group>";
		};
		B9B23DFA59BA50F3980485FD /* Products */ = {
			isa = PBXGroup;
			children = (
				B9B23FE81FDFFC5A25D35255 /* TodoApp.app */,
				B9B2308EC072E24D17DF22B5 /* TodoAppTests.xctest */,
				B9B230C18846BAE670109EB7 /* TodoAppUITests.xctest */,
			);
			name = Products;
			sourceTree = "<group>";
		};
		B9B23E416D661B133BA169F9 /* TodoApp */ = {
			isa = PBXGroup;
			children = (
				B9B23E36861D33511A26ACBE /* Assets.xcassets */,
				B9B238B5F95ABA8EB2F24F7E /* Preview Content */,
				B9B23F05FEE441B6B7DE2446 /* TodoAppApp.swift */,
				B9B235BF4C2C4630015E009C /* ContentView.swift */,
				B9B23F902D40BD2E8229AC65 /* DataStore.swift */,
				B9B23D5690E61B866AB9FA26 /* Todo.swift */,
				B9B23798A3213581E1D4817B /* ContentViewModel.swift */,
			);
			path = TodoApp;
			sourceTree = "<group>";
		};
/* End PBXGroup section */

/* Begin PBXNativeTarget section */
		B9B2310C8200D8DBA37D3CAB /* TodoApp */ = {
			isa = PBXNativeTarget;
			buildConfigurationList = B9B23C5F331B950E6D673F7E /* Build configuration list for PBXNativeTarget "TodoApp" */;
			buildPhases = (
				B9B233223946E19211EA04DE /* Sources */,
				B9B23EE6BEA67DB2B04A4B40 /* Frameworks */,
				B9B2381504B31017697B3EC2 /* Resources */,
			);
			buildRules = (
			);
			dependencies = (
			);
			name = TodoApp;
			productName = TodoApp;
			productReference = B9B23FE81FDFFC5A25D35255 /* TodoApp.app */;
			productType = "com.apple.product-type.application";
		};
		B9B233275CFF43A77A8AFE27 /* TodoAppTests */ = {
			isa = PBXNativeTarget;
			buildConfigurationList = B9B2392005852DC963518EDA /* Build configuration list for PBXNativeTarget "TodoAppTests" */;
			buildPhases = (
				B9B231ED22A468D89115F185 /* Sources */,
				B9B23152644BD3A9B4949511 /* Frameworks */,
				B9B233DE3025199F08858F7C /* Resources */,
			);
			buildRules = (
			);
			dependencies = (
				B9B23C317AD892619E187049 /* PBXTargetDependency */,
			);
			name = TodoAppTests;
			productName = TodoAppTests;
			productReference = B9B2308EC072E24D17DF22B5 /* TodoAppTests.xctest */;
			productType = "com.apple.product-type.bundle.unit-test";
		};
		B9B23C96ECEEC227FDA56C74 /* TodoAppUITests */ = {
			isa = PBXNativeTarget;
			buildConfigurationList = B9B2311B8457F7BB981CC840 /* Build configuration list for PBXNativeTarget "TodoAppUITests" */;
			buildPhases = (
				B9B23E03A78C10CC23EC20C8 /* Sources */,
				B9B23C9F0C984CA3C07CCF56 /* Frameworks */,
				B9B23A2A7244BE6FDBE93691 /* Resources */,
			);
			buildRules = (
			);
			dependencies = (
				B9B23F5F198F84AE41CB29B3 /* PBXTargetDependency */,
			);
			name = TodoAppUITests;
			productName = TodoAppUITests;
			productReference = B9B230C18846BAE670109EB7 /* TodoAppUITests.xctest */;
			productType = "com.apple.product-type.bundle.ui-testing";
		};
/* End PBXNativeTarget section */

/* Begin PBXProject section */
		B9B23E3246D1084278C01199 /* Project object */ = {
			isa = PBXProject;
			buildConfigurationList = B9B236EEACEFD3E84CF7825E /* Build configuration list for PBXProject "TodoApp" */;
			compatibilityVersion = "Xcode 3.2";
			developmentRegion = English;
			hasScannedForEncodings = 0;
			knownRegions = (
				en,
			);
			mainGroup = B9B23B505D0C95CA7421FF5F;
			productRefGroup = B9B23DFA59BA50F3980485FD /* Products */;
			projectDirPath = "";
			projectRoot = "";
			targets = (
				B9B2310C8200D8DBA37D3CAB /* TodoApp */,
				B9B233275CFF43A77A8AFE27 /* TodoAppTests */,
				B9B23C96ECEEC227FDA56C74 /* TodoAppUITests */,
			);
		};
/* End PBXProject section */

/* Begin PBXResourcesBuildPhase section */
		B9B233DE3025199F08858F7C /* Resources */ = {
			isa = PBXResourcesBuildPhase;
			buildActionMask = 2147483647;
			files = (
			);
			runOnlyForDeploymentPostprocessing = 0;
		};
		B9B2381504B31017697B3EC2 /* Resources */ = {
			isa = PBXResourcesBuildPhase;
			buildActionMask = 2147483647;
			files = (
				B9B238EECAF2B5DB52A77EF8 /* Assets.xcassets in Resources */,
				B9B23A4DAE1F626FA55EF2AD /* Preview Assets.xcassets in Resources */,
			);
			runOnlyForDeploymentPostprocessing = 0;
		};
		B9B23A2A7244BE6FDBE93691 /* Resources */ = {
			isa = PBXResourcesBuildPhase;
			buildActionMask = 2147483647;
			files = (
			);
			runOnlyForDeploymentPostprocessing = 0;
		};
/* End PBXResourcesBuildPhase section */

/* Begin PBXSourcesBuildPhase section */
		B9B231ED22A468D89115F185 /* Sources */ = {
			isa = PBXSourcesBuildPhase;
			buildActionMask = 2147483647;
			files = (
				B9B2332325E5AFC47DDF7DF7 /* TodoAppTests.swift in Sources */,
			);
			runOnlyForDeploymentPostprocessing = 0;
		};
		B9B233223946E19211EA04DE /* Sources */ = {
			isa = PBXSourcesBuildPhase;
			buildActionMask = 2147483647;
			files = (
				B9B235C6B98FDBC66ECAA837 /* TodoAppApp.swift in Sources */,
				B9B235E7335FBAF96573B0D9 /* ContentView.swift in Sources */,
				B9B23FC2A4F02907CC00E934 /* DataStore.swift in Sources */,
				B9B23F4F1727F852B6878DCC /* Todo.swift in Sources */,
				B9B233B32A5D65A0512800FE /* ContentViewModel.swift in Sources */,
			);
			runOnlyForDeploymentPostprocessing = 0;
		};
		B9B23E03A78C10CC23EC20C8 /* Sources */ = {
			isa = PBXSourcesBuildPhase;
			buildActionMask = 2147483647;
			files = (
				B9B2380E78EB495143C1707D /* TodoAppUITests.swift in Sources */,
				B9B23570B30C4467E62DBE3E /* TodoAppUITestsLaunchTests.swift in Sources */,
			);
			runOnlyForDeploymentPostprocessing = 0;
		};
/* End PBXSourcesBuildPhase section */

/* Begin PBXTargetDependency section */
		B9B23C317AD892619E187049 /* PBXTargetDependency */ = {
			isa = PBXTargetDependency;
			target = B9B2310C8200D8DBA37D3CAB /* TodoApp */;
			targetProxy = B9B234A1F4D9DB7942FC3762 /* PBXContainerItemProxy */;
		};
		B9B23F5F198F84AE41CB29B3 /* PBXTargetDependency */ = {
			isa = PBXTargetDependency;
			target = B9B2310C8200D8DBA37D3CAB /* TodoApp */;
			targetProxy = B9B23C369FA5C0C2BF7D62C6 /* PBXContainerItemProxy */;
		};
/* End PBXTargetDependency section */

/* Begin XCBuildConfiguration section */
		B9B23031BFC252D5BEF7DF44 /* Release */ = {
			isa = XCBuildConfiguration;
			buildSettings = {
				ALWAYS_SEARCH_USER_PATHS = NO;
				CLANG_ANALYZER_NONNULL = YES;
				CLANG_ANALYZER_NUMBER_OBJECT_CONVERSION = YES_AGGRESSIVE;
				CLANG_CXX_LANGUAGE_STANDARD = "gnu++20";
				CLANG_ENABLE_MODULES = YES;
				CLANG_ENABLE_OBJC_ARC = YES;
				CLANG_ENABLE_OBJC_WEAK = YES;
				CLANG_WARN_BLOCK_CAPTURE_AUTORELEASING = YES;
				CLANG_WARN_BOOL_CONVERSION = YES;
				CLANG_WARN_COMMA = YES;
				CLANG_WARN_CONSTANT_CONVERSION = YES;
				CLANG_WARN_DEPRECATED_OBJC_IMPLEMENTATIONS = YES;
				CLANG_WARN_DIRECT_OBJC_ISA_USAGE = YES_ERROR;
				CLANG_WARN_DOCUMENTATION_COMMENTS = YES;
				CLANG_WARN_EMPTY_BODY = YES;
				CLANG_WARN_ENUM_CONVERSION = YES;
				CLANG_WARN_INFINITE_RECURSION = YES;
				CLANG_WARN_INT_CONVERSION = YES;
				CLANG_WARN_NON_LITERAL_NULL_CONVERSION = YES;
				CLANG_WARN_OBJC_IMPLICIT_RETAIN_SELF = YES;
				CLANG_WARN_OBJC_LITERAL_CONVERSION = YES;
				CLANG_WARN_OBJC_ROOT_CLASS = YES_ERROR;
				CLANG_WARN_QUOTED_INCLUDE_IN_FRAMEWORK_HEADER = YES;
				CLANG_WARN_RANGE_LOOP_ANALYSIS = YES;
				CLANG_WARN_STRICT_PROTOTYPES = YES;
				CLANG_WARN_SUSPICIOUS_MOVE = YES;
				CLANG_WARN_UNGUARDED_AVAILABILITY = YES_AGGRESSIVE;
				CLANG_WARN_UNREACHABLE_CODE = YES;
				CLANG_WARN__DUPLICATE_METHOD_MATCH = YES;
				COPY_PHASE_STRIP = NO;
				DEBUG_INFORMATION_FORMAT = "dwarf-with-dsym";
				ENABLE_NS_ASSERTIONS = NO;
				ENABLE_STRICT_OBJC_MSGSEND = YES;
				GCC_C_LANGUAGE_STANDARD = gnu11;
				GCC_NO_COMMON_BLOCKS = YES;
				GCC_WARN_64_TO_32_BIT_CONVERSION = YES;
				GCC_WARN_ABOUT_RETURN_TYPE = YES_ERROR;
				GCC_WARN_UNDECLARED_SELECTOR = YES;
				GCC_WARN_UNINITIALIZED_AUTOS = YES_AGGRESSIVE;
				GCC_WARN_UNUSED_FUNCTION = YES;
				GCC_WARN_UNUSED_VARIABLE = YES;
				IPHONEOS_DEPLOYMENT_TARGET = 16.4;
				MTL_ENABLE_DEBUG_INFO = NO;
				MTL_FAST_MATH = YES;
				SDKROOT = iphoneos;
				SWIFT_COMPILATION_MODE = wholemodule;
				SWIFT_OPTIMIZATION_LEVEL = "-O";
				VALIDATE_PRODUCT = YES;
			};
			name = Release;
		};
		B9B23152DB380A81E11CC5C8 /* Release */ = {
			isa = XCBuildConfiguration;
			buildSettings = {
				CURRENT_PROJECT_VERSION = 1;
				GENERATE_INFOPLIST_FILE = YES;
				MARKETING_VERSION = 1.0;
				PRODUCT_BUNDLE_IDENTIFIER = test.TodoAppUITests;
				PRODUCT_NAME = "$(TARGET_NAME)";
				SWIFT_EMIT_LOC_STRINGS = NO;
				SWIFT_VERSION = 5.0;
				TARGETED_DEVICE_FAMILY = "1,2";
				TEST_TARGET_NAME = TodoApp;
			};
			name = Release;
		};
		B9B234E97BF162E5B0C6CBF4 /* Debug */ = {
			isa = XCBuildConfiguration;
			buildSettings = {
				CURRENT_PROJECT_VERSION = 1;
				GENERATE_INFOPLIST_FILE = YES;
				MARKETING_VERSION = 1.0;
				PRODUCT_BUNDLE_IDENTIFIER = test.TodoAppUITests;
				PRODUCT_NAME = "$(TARGET_NAME)";
				SWIFT_EMIT_LOC_STRINGS = NO;
				SWIFT_VERSION = 5.0;
				TARGETED_DEVICE_FAMILY = "1,2";
				TEST_TARGET_NAME = TodoApp;
			};
			name = Debug;
		};
		B9B235A20FF4940F9691A4D8 /* Debug */ = {
			isa = XCBuildConfiguration;
			buildSettings = {
				ALWAYS_SEARCH_USER_PATHS = NO;
				CLANG_ANALYZER_NONNULL = YES;
				CLANG_ANALYZER_NUMBER_OBJECT_CONVERSION = YES_AGGRESSIVE;
				CLANG_CXX_LANGUAGE_STANDARD = "gnu++20";
				CLANG_ENABLE_MODULES = YES;
				CLANG_ENABLE_OBJC_ARC = YES;
				CLANG_ENABLE_OBJC_WEAK = YES;
				CLANG_WARN_BLOCK_CAPTURE_AUTORELEASING = YES;
				CLANG_WARN_BOOL_CONVERSION = YES;
				CLANG_WARN_COMMA = YES;
				CLANG_WARN_CONSTANT_CONVERSION = YES;
				CLANG_WARN_DEPRECATED_OBJC_IMPLEMENTATIONS = YES;
				CLANG_WARN_DIRECT_OBJC_ISA_USAGE = YES_ERROR;
				CLANG_WARN_DOCUMENTATION_COMMENTS = YES;
				CLANG_WARN_EMPTY_BODY = YES;
				CLANG_WARN_ENUM_CONVERSION = YES;
				CLANG_WARN_INFINITE_RECURSION = YES;
				CLANG_WARN_INT_CONVERSION = YES;
				CLANG_WARN_NON_LITERAL_NULL_CONVERSION = YES;
				CLANG_WARN_OBJC_IMPLICIT_RETAIN_SELF = YES;
				CLANG_WARN_OBJC_LITERAL_CONVERSION = YES;
				CLANG_WARN_OBJC_ROOT_CLASS = YES_ERROR;
				CLANG_WARN_QUOTED_INCLUDE_IN_FRAMEWORK_HEADER = YES;
				CLANG_WARN_RANGE_LOOP_ANALYSIS = YES;
				CLANG_WARN_STRICT_PROTOTYPES = YES;
				CLANG_WARN_SUSPICIOUS_MOVE = YES;
				CLANG_WARN_UNGUARDED_AVAILABILITY = YES_AGGRESSIVE;
				CLANG_WARN_UNREACHABLE_CODE = YES;
				CLANG_WARN__DUPLICATE_METHOD_MATCH = YES;
				COPY_PHASE_STRIP = NO;
				DEBUG_INFORMATION_FORMAT = dwarf;
				ENABLE_STRICT_OBJC_MSGSEND = YES;
				ENABLE_TESTABILITY = YES;
				GCC_C_LANGUAGE_STANDARD = gnu11;
				GCC_DYNAMIC_NO_PIC = NO;
				GCC_NO_COMMON_BLOCKS = YES;
				GCC_OPTIMIZATION_LEVEL = 0;
				GCC_PREPROCESSOR_DEFINITIONS = (
					"DEBUG=1",
					"$(inherited)",
				);
				GCC_WARN_64_TO_32_BIT_CONVERSION = YES;
				GCC_WARN_ABOUT_RETURN_TYPE = YES_ERROR;
				GCC_WARN_UNDECLARED_SELECTOR = YES;
				GCC_WARN_UNINITIALIZED_AUTOS = YES_AGGRESSIVE;
				GCC_WARN_UNUSED_FUNCTION = YES;
				GCC_WARN_UNUSED_VARIABLE = YES;
				IPHONEOS_DEPLOYMENT_TARGET = 16.4;
				MTL_ENABLE_DEBUG_INFO = INCLUDE_SOURCE;
				MTL_FAST_MATH = YES;
				ONLY_ACTIVE_ARCH = YES;
				SDKROOT = iphoneos;
				SWIFT_ACTIVE_COMPILATION_CONDITIONS = DEBUG;
				SWIFT_OPTIMIZATION_LEVEL = "-Onone";
			};
			name = Debug;
		};
		B9B2360D33B9AE9FF6C48F62 /* Release */ = {
			isa = XCBuildConfiguration;
			buildSettings = {
				BUNDLE_LOADER = "$(BUILT_PRODUCTS_DIR)/TodoApp.app/TodoApp";
				CURRENT_PROJECT_VERSION = 1;
				GENERATE_INFOPLIST_FILE = YES;
				MARKETING_VERSION = 1.0;
				PRODUCT_BUNDLE_IDENTIFIER = test.TodoAppTests;
				PRODUCT_NAME = "$(TARGET_NAME)";
				SWIFT_EMIT_LOC_STRINGS = NO;
				SWIFT_VERSION = 5.0;
				TARGETED_DEVICE_FAMILY = "1,2";
				TEST_HOST = "$(BUNDLE_LOADER)";
			};
			name = Release;
		};
		B9B238839542F7C199A1200F /* Release */ = {
			isa = XCBuildConfiguration;
			buildSettings = {
				ASSETCATALOG_COMPILER_APPICON_NAME = AppIcon;
				ASSETCATALOG_COMPILER_GLOBAL_ACCENT_COLOR_NAME = AccentColor;
				CURRENT_PROJECT_VERSION = 1;
				DEVELOPMENT_ASSET_PATHS = "\"TodoApp/Preview Content\"";
				ENABLE_PREVIEWS = YES;
				GENERATE_INFOPLIST_FILE = YES;
				INFOPLIST_KEY_UIApplicationSceneManifest_Generation = YES;
				INFOPLIST_KEY_UIApplicationSupportsIndirectInputEvents = YES;
				INFOPLIST_KEY_UILaunchScreen_Generation = YES;
				INFOPLIST_KEY_UISupportedInterfaceOrientations_iPad = "UIInterfaceOrientationPortrait UIInterfaceOrientationPortraitUpsideDown UIInterfaceOrientationLandscapeLeft UIInterfaceOrientationLandscapeRight";
				INFOPLIST_KEY_UISupportedInterfaceOrientations_iPhone = "UIInterfaceOrientationPortrait UIInterfaceOrientationLandscapeLeft UIInterfaceOrientationLandscapeRight";
				LD_RUNPATH_SEARCH_PATHS = "$(inherited) @executable_path/Frameworks";
				MARKETING_VERSION = 1.0;
				PRODUCT_BUNDLE_IDENTIFIER = test.TodoApp;
				PRODUCT_NAME = "$(TARGET_NAME)";
				SWIFT_EMIT_LOC_STRINGS = YES;
				SWIFT_VERSION = 5.0;
				TARGETED_DEVICE_FAMILY = "1,2";
			};
			name = Release;
		};
		B9B23AEE0523F1713461A7B7 /* Debug */ = {
			isa = XCBuildConfiguration;
			buildSettings = {
				BUNDLE_LOADER = "$(BUILT_PRODUCTS_DIR)/TodoApp.app/TodoApp";
				CURRENT_PROJECT_VERSION = 1;
				GENERATE_INFOPLIST_FILE = YES;
				MARKETING_VERSION = 1.0;
				PRODUCT_BUNDLE_IDENTIFIER = test.TodoAppTests;
				PRODUCT_NAME = "$(TARGET_NAME)";
				SWIFT_EMIT_LOC_STRINGS = NO;
				SWIFT_VERSION = 5.0;
				TARGETED_DEVICE_FAMILY = "1,2";
				TEST_HOST = "$(BUNDLE_LOADER)";
			};
			name = Debug;
		};
		B9B23CF72726F05EF54842F9 /* Debug */ = {
			isa = XCBuildConfiguration;
			buildSettings = {
				ASSETCATALOG_COMPILER_APPICON_NAME = AppIcon;
				ASSETCATALOG_COMPILER_GLOBAL_ACCENT_COLOR_NAME = AccentColor;
				CURRENT_PROJECT_VERSION = 1;
				DEVELOPMENT_ASSET_PATHS = "\"TodoApp/Preview Content\"";
				ENABLE_PREVIEWS = YES;
				GENERATE_INFOPLIST_FILE = YES;
				INFOPLIST_KEY_UIApplicationSceneManifest_Generation = YES;
				INFOPLIST_KEY_UIApplicationSupportsIndirectInputEvents = YES;
				INFOPLIST_KEY_UILaunchScreen_Generation = YES;
				INFOPLIST_KEY_UISupportedInterfaceOrientations_iPad = "UIInterfaceOrientationPortrait UIInterfaceOrientationPortraitUpsideDown UIInterfaceOrientationLandscapeLeft UIInterfaceOrientationLandscapeRight";
				INFOPLIST_KEY_UISupportedInterfaceOrientations_iPhone = "UIInterfaceOrientationPortrait UIInterfaceOrientationLandscapeLeft UIInterfaceOrientationLandscapeRight";
				LD_RUNPATH_SEARCH_PATHS = "$(inherited) @executable_path/Frameworks";
				MARKETING_VERSION = 1.0;
				PRODUCT_BUNDLE_IDENTIFIER = test.TodoApp;
				PRODUCT_NAME = "$(TARGET_NAME)";
				SWIFT_EMIT_LOC_STRINGS = YES;
				SWIFT_VERSION = 5.0;
				TARGETED_DEVICE_FAMILY = "1,2";
			};
			name = Debug;
		};
/* End XCBuildConfiguration section */

/* Begin XCConfigurationList section */
		B9B2311B8457F7BB981CC840 /* Build configuration list for PBXNativeTarget "TodoAppUITests" */ = {
			isa = XCConfigurationList;
			buildConfigurations = (
				B9B234E97BF162E5B0C6CBF4 /* Debug */,
				B9B23152DB380A81E11CC5C8 /* Release */,
			);
			defaultConfigurationIsVisible = 0;
		};
		B9B236EEACEFD3E84CF7825E /* Build configuration list for PBXProject "TodoApp" */ = {
			isa = XCConfigurationList;
			buildConfigurations = (
				B9B235A20FF4940F9691A4D8 /* Debug */,
				B9B23031BFC252D5BEF7DF44 /* Release */,
			);
			defaultConfigurationIsVisible = 0;
			defaultConfigurationName = Release;
		};
		B9B2392005852DC963518EDA /* Build configuration list for PBXNativeTarget "TodoAppTests" */ = {
			isa = XCConfigurationList;
			buildConfigurations = (
				B9B23AEE0523F1713461A7B7 /* Debug */,
				B9B2360D33B9AE9FF6C48F62 /* Release */,
			);
			defaultConfigurationIsVisible = 0;
		};
		B9B23C5F331B950E6D673F7E /* Build configuration list for PBXNativeTarget "TodoApp" */ = {
			isa = XCConfigurationList;
			buildConfigurations = (
				B9B23CF72726F05EF54842F9 /* Debug */,
				B9B238839542F7C199A1200F /* Release */,
			);
			defaultConfigurationIsVisible = 0;
		};
/* End XCConfigurationList section */
	};
	rootObject = B9B23E3246D1084278C01199 /* Project object */;
}
